PODS:
  - Capacitor (6.1.2):
    - CapacitorCordova
  - CapacitorCamera (6.1.0):
    - Capacitor
  - CapacitorCordova (6.1.2)
  - CapacitorSplashScreen (6.0.2):
    - Capacitor

DEPENDENCIES:
  - "Capacitor (from `../../node_modules/.pnpm/@capacitor+ios@6.1.2_@capacitor+core@6.1.2/node_modules/@capacitor/ios`)"
  - "CapacitorCamera (from `../../node_modules/.pnpm/@capacitor+camera@6.1.0_@capacitor+core@6.1.2/node_modules/@capacitor/camera`)"
  - "CapacitorCordova (from `../../node_modules/.pnpm/@capacitor+ios@6.1.2_@capacitor+core@6.1.2/node_modules/@capacitor/ios`)"
  - "CapacitorSplashScreen (from `../../node_modules/.pnpm/@capacitor+splash-screen@6.0.2_@capacitor+core@6.1.2/node_modules/@capacitor/splash-screen`)"

EXTERNAL SOURCES:
  Capacitor:
    :path: "../../node_modules/.pnpm/@capacitor+ios@6.1.2_@capacitor+core@6.1.2/node_modules/@capacitor/ios"
  CapacitorCamera:
    :path: "../../node_modules/.pnpm/@capacitor+camera@6.1.0_@capacitor+core@6.1.2/node_modules/@capacitor/camera"
  CapacitorCordova:
    :path: "../../node_modules/.pnpm/@capacitor+ios@6.1.2_@capacitor+core@6.1.2/node_modules/@capacitor/ios"
  CapacitorSplashScreen:
    :path: "../../node_modules/.pnpm/@capacitor+splash-screen@6.0.2_@capacitor+core@6.1.2/node_modules/@capacitor/splash-screen"

SPEC CHECKSUMS:
  Capacitor: 679f9673fdf30597493a6362a5d5bf233d46abc2
  CapacitorCamera: 81ce64062cd82b82cc75a79616fda4bd09d7f643
  CapacitorCordova: f48c89f96c319101cd2f0ce8a2b7449b5fb8b3dd
  CapacitorSplashScreen: 250df9ef8014fac5c7c1fd231f0f8b1d8f0b5624

PODFILE CHECKSUM: 15d5012749cd05475db864f0a05ed5b027a58d80

COCOAPODS: 1.15.2
